# factory_pattern.py

class Product:
    def display(self):
        pass

class ConcreteProductA(Product):
    def display(self):
        return "Concrete Product A"

class ConcreteProductB(Product):
    def display(self):
        return "Concrete Product B"

class Creator:
    def factory_method(self):
        pass

    def get_product(self):
        product = self.factory_method()
        return product.display()

class ConcreteCreatorA(Creator):
    def factory_method(self):
        return ConcreteProductA()

class ConcreteCreatorB(Creator):
    def factory_method(self):
        return ConcreteProductB()

def main():
    creator_a = ConcreteCreatorA()
    creator_b = ConcreteCreatorB()

    print(creator_a.get_product())  # Output: Concrete Product A
    print(creator_b.get_product())  # Output: Concrete Product B

if __name__ == "__main__":
    main()
git add factory_pattern.py
git commit -m "Implement Factory Pattern in Python"
git push origin main
mkdir patterns
mv factory_pattern.py patterns/
# Project Title

## Factory Pattern

### How to Run:

1. Make sure you have Python installed.
2. Open a terminal and navigate to the `patterns` folder.
3. Run the following command:

   ```bash
   python factory_pattern.py
git add README.md
git commit -m "Add instructions to README"
git push origin main
